Microsoft Visual Studio Solution File, Format Version 12.00
# Visual Studio 2012
Project("{FAE04EC0-301F-11D3-BF4B-00C04F79EFBC}") = "2d Game 1", "2d Game 1.csproj", "{D67C7267-9F36-4BCC-92FA-DD49B70E99AF}"
EndProject
Global
	GlobalSection(SolutionConfigurationPlatforms) = preSolution
	Debug|Any CPU = Debug|Any CPU
	ExportDebug|Any CPU = ExportDebug|Any CPU
	ExportRelease|Any CPU = ExportRelease|Any CPU
	EndGlobalSection
	GlobalSection(ProjectConfigurationPlatforms) = postSolution
		{D67C7267-9F36-4BCC-92FA-DD49B70E99AF}.Debug|Any CPU.ActiveCfg = Debug|Any CPU
		{D67C7267-9F36-4BCC-92FA-DD49B70E99AF}.Debug|Any CPU.Build.0 = Debug|Any CPU
		{D67C7267-9F36-4BCC-92FA-DD49B70E99AF}.ExportDebug|Any CPU.ActiveCfg = ExportDebug|Any CPU
		{D67C7267-9F36-4BCC-92FA-DD49B70E99AF}.ExportDebug|Any CPU.Build.0 = ExportDebug|Any CPU
		{D67C7267-9F36-4BCC-92FA-DD49B70E99AF}.ExportRelease|Any CPU.ActiveCfg = ExportRelease|Any CPU
		{D67C7267-9F36-4BCC-92FA-DD49B70E99AF}.ExportRelease|Any CPU.Build.0 = ExportRelease|Any CPU
	EndGlobalSection
EndGlobal
